
Microsoft Visual Studio Solution File, Format Version 12.00
# Visual Studio Version 17
VisualStudioVersion = 17.2.32519.379
MinimumVisualStudioVersion = 10.0.40219.1
Project("{FAE04EC0-301F-11D3-BF4B-00C04F79EFBC}") = "RastreioPedidosDesktop", "RastreioPedidosDesktop\RastreioPedidosDesktop.csproj", "{C42D8575-4AED-4A66-8E18-BCE9F01DDF53}"
EndProject
Project("{2150E333-8FDC-42A3-9474-1A3956D46DE8}") = "Solution Items", "Solution Items", "{F190D7E2-5BF4-4CDE-B395-90AB11FB9D6E}"
	ProjectSection(SolutionItems) = preProject
		.editorconfig = .editorconfig
	EndProjectSection
EndProject
Global
	GlobalSection(SolutionConfigurationPlatforms) = preSolution
		Debug|Any CPU = Debug|Any CPU
		Release|Any CPU = Release|Any CPU
	EndGlobalSection
	GlobalSection(ProjectConfigurationPlatforms) = postSolution
		{C42D8575-4AED-4A66-8E18-BCE9F01DDF53}.Debug|Any CPU.ActiveCfg = Debug|Any CPU
		{C42D8575-4AED-4A66-8E18-BCE9F01DDF53}.Debug|Any CPU.Build.0 = Debug|Any CPU
		{C42D8575-4AED-4A66-8E18-BCE9F01DDF53}.Release|Any CPU.ActiveCfg = Release|Any CPU
		{C42D8575-4AED-4A66-8E18-BCE9F01DDF53}.Release|Any CPU.Build.0 = Release|Any CPU
	EndGlobalSection
	GlobalSection(SolutionProperties) = preSolution
		HideSolutionNode = FALSE
	EndGlobalSection
	GlobalSection(ExtensibilityGlobals) = postSolution
		SolutionGuid = {6A05563B-C3E3-477F-9466-11E088CF346C}
	EndGlobalSection
EndGlobal
